{
  "name": "shpe",
  "lockfileVersion": 3,
  "requires": true,
  "packages": {
    "": {
      "dependencies": {
        "@fortawesome/fontawesome-free": "^7.0.1",
        "swiper": "^12.0.2"
      }
    },
    "node_modules/@fortawesome/fontawesome-free": {
      "version": "7.0.1",
      "resolved": "https://registry.npmjs.org/@fortawesome/fontawesome-free/-/fontawesome-free-7.0.1.tgz",
      "integrity": "sha512-RLmb9U6H2rJDnGxEqXxzy7ANPrQz7WK2/eTjdZqyU9uRU5W+FkAec9uU5gTYzFBH7aoXIw2WTJSCJR4KPlReQw==",
      "license": "(CC-BY-4.0 AND OFL-1.1 AND MIT)",
      "engines": {
        "node": ">=6"
      }
    },
    "node_modules/swiper": {
      "version": "12.0.2",
      "resolved": "https://registry.npmjs.org/swiper/-/swiper-12.0.2.tgz",
      "integrity": "sha512-y8F6fDGXmTVVgwqJj6I00l4FdGuhpFJn0U/9Ucn1MwWOw3NdLV8aH88pZOjyhBgU/6PyBlUx+JuAQ5KMWz906Q==",
      "funding": [
        {
          "type": "patreon",
          "url": "https://www.patreon.com/swiperjs"
        },
        {
          "type": "open_collective",
          "url": "http://opencollective.com/swiper"
        }
      ],
      "license": "MIT",
      "engines": {
        "node": ">= 4.7.0"
      }
    }
  }
}
